
Microsoft Visual Studio Solution File, Format Version 12.00
# Visual Studio Version 17
VisualStudioVersion = 17.8.34309.116
MinimumVisualStudioVersion = 10.0.40219.1
Project("{FAE04EC0-301F-11D3-BF4B-00C04F79EFBC}") = "Screen Sound2", "Screen Sound2\Screen Sound2.csproj", "{A1E05AF9-CA08-44E1-8B28-D18AEC79C14C}"
EndProject
Global
	GlobalSection(SolutionConfigurationPlatforms) = preSolution
		Debug|Any CPU = Debug|Any CPU
		Release|Any CPU = Release|Any CPU
	EndGlobalSection
	GlobalSection(ProjectConfigurationPlatforms) = postSolution
		{A1E05AF9-CA08-44E1-8B28-D18AEC79C14C}.Debug|Any CPU.ActiveCfg = Debug|Any CPU
		{A1E05AF9-CA08-44E1-8B28-D18AEC79C14C}.Debug|Any CPU.Build.0 = Debug|Any CPU
		{A1E05AF9-CA08-44E1-8B28-D18AEC79C14C}.Release|Any CPU.ActiveCfg = Release|Any CPU
		{A1E05AF9-CA08-44E1-8B28-D18AEC79C14C}.Release|Any CPU.Build.0 = Release|Any CPU
	EndGlobalSection
	GlobalSection(SolutionProperties) = preSolution
		HideSolutionNode = FALSE
	EndGlobalSection
	GlobalSection(ExtensibilityGlobals) = postSolution
		SolutionGuid = {1ED851EA-52FC-4ADF-89EA-D94BA271ABFA}
	EndGlobalSection
EndGlobal
